// !$*UTF8*$!
{
	archiveVersion = 1;
	classes = {
	};
	objectVersion = 55;
	objects = {

/* Begin PBXBuildFile section */
		B48CA35E279BF63100D36B01 /* Preview Assets.xcassets in Resources */ = {isa = PBXBuildFile; fileRef = B48CA35D279BF63100D36B01 /* Preview Assets.xcassets */; };
		B48CA368279BF63100D36B01 /* hawkeye_craftsTests.swift in Sources */ = {isa = PBXBuildFile; fileRef = B48CA367279BF63100D36B01 /* hawkeye_craftsTests.swift */; };
		B48CA372279BF63200D36B01 /* hawkeye_craftsUITests.swift in Sources */ = {isa = PBXBuildFile; fileRef = B48CA371279BF63200D36B01 /* hawkeye_craftsUITests.swift */; };
		B48CA374279BF63200D36B01 /* hawkeye_craftsUITestsLaunchTests.swift in Sources */ = {isa = PBXBuildFile; fileRef = B48CA373279BF63200D36B01 /* hawkeye_craftsUITestsLaunchTests.swift */; };
		B498F723279FCA7600803D72 /* Lottie in Frameworks */ = {isa = PBXBuildFile; productRef = B498F722279FCA7600803D72 /* Lottie */; };
		B498F725279FCA9E00803D72 /* ContentView.swift in Sources */ = {isa = PBXBuildFile; fileRef = B498F724279FCA9E00803D72 /* ContentView.swift */; };
		B4F9510027AB5246000D7F5A /* hawkeye_craftsApp.swift in Sources */ = {isa = PBXBuildFile; fileRef = B4F950FF27AB5246000D7F5A /* hawkeye_craftsApp.swift */; };
		B4F9510227AB52C5000D7F5A /* LoginScreen.swift in Sources */ = {isa = PBXBuildFile; fileRef = B4F9510127AB52C5000D7F5A /* LoginScreen.swift */; };
		B4F9510427AB5405000D7F5A /* SplashScreen.swift in Sources */ = {isa = PBXBuildFile; fileRef = B4F9510327AB5405000D7F5A /* SplashScreen.swift */; };
		B4F9510627AB566C000D7F5A /* AccountView.swift in Sources */ = {isa = PBXBuildFile; fileRef = B4F9510527AB566C000D7F5A /* AccountView.swift */; };
		B4F9510827AB5A8B000D7F5A /* CartView.swift in Sources */ = {isa = PBXBuildFile; fileRef = B4F9510727AB5A8B000D7F5A /* CartView.swift */; };
		B4F9510A27AB5B67000D7F5A /* FavoritesView.swift in Sources */ = {isa = PBXBuildFile; fileRef = B4F9510927AB5B67000D7F5A /* FavoritesView.swift */; };
		B4F9510C27AB5DE4000D7F5A /* HomeScreen.swift in Sources */ = {isa = PBXBuildFile; fileRef = B4F9510B27AB5DE4000D7F5A /* HomeScreen.swift */; };
		B4F9510E27AB5E15000D7F5A /* PreLaunch.swift in Sources */ = {isa = PBXBuildFile; fileRef = B4F9510D27AB5E15000D7F5A /* PreLaunch.swift */; };
		B4F9511027AB5E41000D7F5A /* SearchView.swift in Sources */ = {isa = PBXBuildFile; fileRef = B4F9510F27AB5E41000D7F5A /* SearchView.swift */; };
		B4F9511227AB5F69000D7F5A /* LottieView.swift in Sources */ = {isa = PBXBuildFile; fileRef = B4F9511127AB5F69000D7F5A /* LottieView.swift */; };
		B4F9511427ABADCC000D7F5A /* Assets.xcassets in Resources */ = {isa = PBXBuildFile; fileRef = B4F9511327ABADCC000D7F5A /* Assets.xcassets */; };
		B4F9511F27ABBC92000D7F5A /* BottomTabBar.swift in Sources */ = {isa = PBXBuildFile; fileRef = B4F9511E27ABBC92000D7F5A /* BottomTabBar.swift */; };
		B4F9512127AF93FA000D7F5A /* flying-plant.json in Resources */ = {isa = PBXBuildFile; fileRef = B4F9512027AF93FA000D7F5A /* flying-plant.json */; };
/* End PBXBuildFile section */

/* Begin PBXContainerItemProxy section */
		B48CA364279BF63100D36B01 /* PBXContainerItemProxy */ = {
			isa = PBXContainerItemProxy;
			containerPortal = B48CA34B279BF62A00D36B01 /* Project object */;
			proxyType = 1;
			remoteGlobalIDString = B48CA352279BF62A00D36B01;
			remoteInfo = "hawkeye-crafts";
		};
		B48CA36E279BF63100D36B01 /* PBXContainerItemProxy */ = {
			isa = PBXContainerItemProxy;
			containerPortal = B48CA34B279BF62A00D36B01 /* Project object */;
			proxyType = 1;
			remoteGlobalIDString = B48CA352279BF62A00D36B01;
			remoteInfo = "hawkeye-crafts";
		};
/* End PBXContainerItemProxy section */

/* Begin PBXFileReference section */
		B48CA353279BF62A00D36B01 /* hawkeye-crafts.app */ = {isa = PBXFileReference; explicitFileType = wrapper.application; includeInIndex = 0; path = "hawkeye-crafts.app"; sourceTree = BUILT_PRODUCTS_DIR; };
		B48CA35D279BF63100D36B01 /* Preview Assets.xcassets */ = {isa = PBXFileReference; lastKnownFileType = folder.assetcatalog; path = "Preview Assets.xcassets"; sourceTree = "<group>"; };
		B48CA363279BF63100D36B01 /* hawkeye-craftsTests.xctest */ = {isa = PBXFileReference; explicitFileType = wrapper.cfbundle; includeInIndex = 0; path = "hawkeye-craftsTests.xctest"; sourceTree = BUILT_PRODUCTS_DIR; };
		B48CA367279BF63100D36B01 /* hawkeye_craftsTests.swift */ = {isa = PBXFileReference; lastKnownFileType = sourcecode.swift; path = hawkeye_craftsTests.swift; sourceTree = "<group>"; };
		B48CA36D279BF63100D36B01 /* hawkeye-craftsUITests.xctest */ = {isa = PBXFileReference; explicitFileType = wrapper.cfbundle; includeInIndex = 0; path = "hawkeye-craftsUITests.xctest"; sourceTree = BUILT_PRODUCTS_DIR; };
		B48CA371279BF63200D36B01 /* hawkeye_craftsUITests.swift */ = {isa = PBXFileReference; lastKnownFileType = sourcecode.swift; path = hawkeye_craftsUITests.swift; sourceTree = "<group>"; };
		B48CA373279BF63200D36B01 /* hawkeye_craftsUITestsLaunchTests.swift */ = {isa = PBXFileReference; lastKnownFileType = sourcecode.swift; path = hawkeye_craftsUITestsLaunchTests.swift; sourceTree = "<group>"; };
		B498F724279FCA9E00803D72 /* ContentView.swift */ = {isa = PBXFileReference; fileEncoding = 4; lastKnownFileType = sourcecode.swift; path = ContentView.swift; sourceTree = "<group>"; };
		B4F950FF27AB5246000D7F5A /* hawkeye_craftsApp.swift */ = {isa = PBXFileReference; lastKnownFileType = sourcecode.swift; path = hawkeye_craftsApp.swift; sourceTree = "<group>"; };
		B4F9510127AB52C5000D7F5A /* LoginScreen.swift */ = {isa = PBXFileReference; lastKnownFileType = sourcecode.swift; path = LoginScreen.swift; sourceTree = "<group>"; };
		B4F9510327AB5405000D7F5A /* SplashScreen.swift */ = {isa = PBXFileReference; lastKnownFileType = sourcecode.swift; path = SplashScreen.swift; sourceTree = "<group>"; };
		B4F9510527AB566C000D7F5A /* AccountView.swift */ = {isa = PBXFileReference; lastKnownFileType = sourcecode.swift; path = AccountView.swift; sourceTree = "<group>"; };
		B4F9510727AB5A8B000D7F5A /* CartView.swift */ = {isa = PBXFileReference; lastKnownFileType = sourcecode.swift; path = CartView.swift; sourceTree = "<group>"; };
		B4F9510927AB5B67000D7F5A /* FavoritesView.swift */ = {isa = PBXFileReference; lastKnownFileType = sourcecode.swift; path = FavoritesView.swift; sourceTree = "<group>"; };
		B4F9510B27AB5DE4000D7F5A /* HomeScreen.swift */ = {isa = PBXFileReference; lastKnownFileType = sourcecode.swift; path = HomeScreen.swift; sourceTree = "<group>"; };
		B4F9510D27AB5E15000D7F5A /* PreLaunch.swift */ = {isa = PBXFileReference; lastKnownFileType = sourcecode.swift; path = PreLaunch.swift; sourceTree = "<group>"; };
		B4F9510F27AB5E41000D7F5A /* SearchView.swift */ = {isa = PBXFileReference; lastKnownFileType = sourcecode.swift; path = SearchView.swift; sourceTree = "<group>"; };
		B4F9511127AB5F69000D7F5A /* LottieView.swift */ = {isa = PBXFileReference; lastKnownFileType = sourcecode.swift; path = LottieView.swift; sourceTree = "<group>"; };
		B4F9511327ABADCC000D7F5A /* Assets.xcassets */ = {isa = PBXFileReference; lastKnownFileType = folder.assetcatalog; name = Assets.xcassets; path = Apps/Assets.xcassets; sourceTree = "<group>"; };
		B4F9511727ABAF14000D7F5A /* Info.plist */ = {isa = PBXFileReference; lastKnownFileType = text.plist; path = Info.plist; sourceTree = "<group>"; };
		B4F9511E27ABBC92000D7F5A /* BottomTabBar.swift */ = {isa = PBXFileReference; lastKnownFileType = sourcecode.swift; path = BottomTabBar.swift; sourceTree = "<group>"; };
		B4F9512027AF93FA000D7F5A /* flying-plant.json */ = {isa = PBXFileReference; fileEncoding = 4; lastKnownFileType = text.json; path = "flying-plant.json"; sourceTree = "<group>"; };
/* End PBXFileReference section */

/* Begin PBXFrameworksBuildPhase section */
		B48CA350279BF62A00D36B01 /* Frameworks */ = {
			isa = PBXFrameworksBuildPhase;
			buildActionMask = 2147483647;
			files = (
				B498F723279FCA7600803D72 /* Lottie in Frameworks */,
			);
			runOnlyForDeploymentPostprocessing = 0;
		};
		B48CA360279BF63100D36B01 /* Frameworks */ = {
			isa = PBXFrameworksBuildPhase;
			buildActionMask = 2147483647;
			files = (
			);
			runOnlyForDeploymentPostprocessing = 0;
		};
		B48CA36A279BF63100D36B01 /* Frameworks */ = {
			isa = PBXFrameworksBuildPhase;
			buildActionMask = 2147483647;
			files = (
			);
			runOnlyForDeploymentPostprocessing = 0;
		};
/* End PBXFrameworksBuildPhase section */

/* Begin PBXGroup section */
		B48CA34A279BF62A00D36B01 = {
			isa = PBXGroup;
			children = (
				B48CA355279BF62A00D36B01 /* hawkeye-crafts */,
				B48CA366279BF63100D36B01 /* hawkeye-craftsTests */,
				B48CA370279BF63200D36B01 /* hawkeye-craftsUITests */,
				B48CA354279BF62A00D36B01 /* Products */,
			);
			sourceTree = "<group>";
		};
		B48CA354279BF62A00D36B01 /* Products */ = {
			isa = PBXGroup;
			children = (
				B48CA353279BF62A00D36B01 /* hawkeye-crafts.app */,
				B48CA363279BF63100D36B01 /* hawkeye-craftsTests.xctest */,
				B48CA36D279BF63100D36B01 /* hawkeye-craftsUITests.xctest */,
			);
			name = Products;
			sourceTree = "<group>";
		};
		B48CA355279BF62A00D36B01 /* hawkeye-crafts */ = {
			isa = PBXGroup;
			children = (
				B4F9511727ABAF14000D7F5A /* Info.plist */,
				B4F950FF27AB5246000D7F5A /* hawkeye_craftsApp.swift */,
				B4F9511327ABADCC000D7F5A /* Assets.xcassets */,
				B498F72C279FCAF000803D72 /* Views */,
				B498F72F279FCBF300803D72 /* Lottie */,
				B48CA35C279BF63100D36B01 /* Preview Content */,
			);
			path = "hawkeye-crafts";
			sourceTree = "<group>";
		};
		B48CA35C279BF63100D36B01 /* Preview Content */ = {
			isa = PBXGroup;
			children = (
				B48CA35D279BF63100D36B01 /* Preview Assets.xcassets */,
			);
			path = "Preview Content";
			sourceTree = "<group>";
		};
		B48CA366279BF63100D36B01 /* hawkeye-craftsTests */ = {
			isa = PBXGroup;
			children = (
				B48CA367279BF63100D36B01 /* hawkeye_craftsTests.swift */,
			);
			path = "hawkeye-craftsTests";
			sourceTree = "<group>";
		};
		B48CA370279BF63200D36B01 /* hawkeye-craftsUITests */ = {
			isa = PBXGroup;
			children = (
				B48CA371279BF63200D36B01 /* hawkeye_craftsUITests.swift */,
				B48CA373279BF63200D36B01 /* hawkeye_craftsUITestsLaunchTests.swift */,
			);
			path = "hawkeye-craftsUITests";
			sourceTree = "<group>";
		};
		B498F72C279FCAF000803D72 /* Views */ = {
			isa = PBXGroup;
			children = (
				B498F724279FCA9E00803D72 /* ContentView.swift */,
				B4F9511E27ABBC92000D7F5A /* BottomTabBar.swift */,
				B4F9510F27AB5E41000D7F5A /* SearchView.swift */,
				B4F9510127AB52C5000D7F5A /* LoginScreen.swift */,
				B4F9511B27ABB8EE000D7F5A /* Splash */,
				B4F9510527AB566C000D7F5A /* AccountView.swift */,
				B4F9510727AB5A8B000D7F5A /* CartView.swift */,
				B4F9510927AB5B67000D7F5A /* FavoritesView.swift */,
				B4F9510B27AB5DE4000D7F5A /* HomeScreen.swift */,
				B4F9510D27AB5E15000D7F5A /* PreLaunch.swift */,
			);
			path = Views;
			sourceTree = "<group>";
		};
		B498F72F279FCBF300803D72 /* Lottie */ = {
			isa = PBXGroup;
			children = (
				B4F9512027AF93FA000D7F5A /* flying-plant.json */,
			);
			path = Lottie;
			sourceTree = "<group>";
		};
		B4F9511B27ABB8EE000D7F5A /* Splash */ = {
			isa = PBXGroup;
			children = (
				B4F9510327AB5405000D7F5A /* SplashScreen.swift */,
				B4F9511127AB5F69000D7F5A /* LottieView.swift */,
			);
			path = Splash;
			sourceTree = "<group>";
		};
/* End PBXGroup section */

/* Begin PBXNativeTarget section */
		B48CA352279BF62A00D36B01 /* hawkeye-crafts */ = {
			isa = PBXNativeTarget;
			buildConfigurationList = B48CA377279BF63200D36B01 /* Build configuration list for PBXNativeTarget "hawkeye-crafts" */;
			buildPhases = (
				B48CA34F279BF62A00D36B01 /* Sources */,
				B48CA350279BF62A00D36B01 /* Frameworks */,
				B48CA351279BF62A00D36B01 /* Resources */,
			);
			buildRules = (
			);
			dependencies = (
			);
			name = "hawkeye-crafts";
			packageProductDependencies = (
				B498F722279FCA7600803D72 /* Lottie */,
			);
			productName = "hawkeye-crafts";
			productReference = B48CA353279BF62A00D36B01 /* hawkeye-crafts.app */;
			productType = "com.apple.product-type.application";
		};
		B48CA362279BF63100D36B01 /* hawkeye-craftsTests */ = {
			isa = PBXNativeTarget;
			buildConfigurationList = B48CA37A279BF63200D36B01 /* Build configuration list for PBXNativeTarget "hawkeye-craftsTests" */;
			buildPhases = (
				B48CA35F279BF63100D36B01 /* Sources */,
				B48CA360279BF63100D36B01 /* Frameworks */,
				B48CA361279BF63100D36B01 /* Resources */,
			);
			buildRules = (
			);
			dependencies = (
				B48CA365279BF63100D36B01 /* PBXTargetDependency */,
			);
			name = "hawkeye-craftsTests";
			productName = "hawkeye-craftsTests";
			productReference = B48CA363279BF63100D36B01 /* hawkeye-craftsTests.xctest */;
			productType = "com.apple.product-type.bundle.unit-test";
		};
		B48CA36C279BF63100D36B01 /* hawkeye-craftsUITests */ = {
			isa = PBXNativeTarget;
			buildConfigurationList = B48CA37D279BF63200D36B01 /* Build configuration list for PBXNativeTarget "hawkeye-craftsUITests" */;
			buildPhases = (
				B48CA369279BF63100D36B01 /* Sources */,
				B48CA36A279BF63100D36B01 /* Frameworks */,
				B48CA36B279BF63100D36B01 /* Resources */,
			);
			buildRules = (
			);
			dependencies = (
				B48CA36F279BF63100D36B01 /* PBXTargetDependency */,
			);
			name = "hawkeye-craftsUITests";
			productName = "hawkeye-craftsUITests";
			productReference = B48CA36D279BF63100D36B01 /* hawkeye-craftsUITests.xctest */;
			productType = "com.apple.product-type.bundle.ui-testing";
		};
/* End PBXNativeTarget section */

/* Begin PBXProject section */
		B48CA34B279BF62A00D36B01 /* Project object */ = {
			isa = PBXProject;
			attributes = {
				BuildIndependentTargetsInParallel = 1;
				LastSwiftUpdateCheck = 1320;
				LastUpgradeCheck = 1320;
				TargetAttributes = {
					B48CA352279BF62A00D36B01 = {
						CreatedOnToolsVersion = 13.2.1;
					};
					B48CA362279BF63100D36B01 = {
						CreatedOnToolsVersion = 13.2.1;
						TestTargetID = B48CA352279BF62A00D36B01;
					};
					B48CA36C279BF63100D36B01 = {
						CreatedOnToolsVersion = 13.2.1;
						TestTargetID = B48CA352279BF62A00D36B01;
					};
				};
			};
			buildConfigurationList = B48CA34E279BF62A00D36B01 /* Build configuration list for PBXProject "hawkeye-crafts" */;
			compatibilityVersion = "Xcode 13.0";
			developmentRegion = en;
			hasScannedForEncodings = 0;
			knownRegions = (
				en,
				Base,
			);
			mainGroup = B48CA34A279BF62A00D36B01;
			packageReferences = (
				B498F721279FCA7600803D72 /* XCRemoteSwiftPackageReference "lottie-ios" */,
			);
			productRefGroup = B48CA354279BF62A00D36B01 /* Products */;
			projectDirPath = "";
			projectRoot = "";
			targets = (
				B48CA352279BF62A00D36B01 /* hawkeye-crafts */,
				B48CA362279BF63100D36B01 /* hawkeye-craftsTests */,
				B48CA36C279BF63100D36B01 /* hawkeye-craftsUITests */,
			);
		};
/* End PBXProject section */

/* Begin PBXResourcesBuildPhase section */
		B48CA351279BF62A00D36B01 /* Resources */ = {
			isa = PBXResourcesBuildPhase;
			buildActionMask = 2147483647;
			files = (
				B4F9512127AF93FA000D7F5A /* flying-plant.json in Resources */,
				B4F9511427ABADCC000D7F5A /* Assets.xcassets in Resources */,
				B48CA35E279BF63100D36B01 /* Preview Assets.xcassets in Resources */,
			);
			runOnlyForDeploymentPostprocessing = 0;
		};
		B48CA361279BF63100D36B01 /* Resources */ = {
			isa = PBXResourcesBuildPhase;
			buildActionMask = 2147483647;
			files = (
			);
			runOnlyForDeploymentPostprocessing = 0;
		};
		B48CA36B279BF63100D36B01 /* Resources */ = {
			isa = PBXResourcesBuildPhase;
			buildActionMask = 2147483647;
			files = (
			);
			runOnlyForDeploymentPostprocessing = 0;
		};
/* End PBXResourcesBuildPhase section */

/* Begin PBXSourcesBuildPhase section */
		B48CA34F279BF62A00D36B01 /* Sources */ = {
			isa = PBXSourcesBuildPhase;
			buildActionMask = 2147483647;
			files = (
				B4F9510627AB566C000D7F5A /* AccountView.swift in Sources */,
				B4F9510827AB5A8B000D7F5A /* CartView.swift in Sources */,
				B4F9510427AB5405000D7F5A /* SplashScreen.swift in Sources */,
				B498F725279FCA9E00803D72 /* ContentView.swift in Sources */,
				B4F9510A27AB5B67000D7F5A /* FavoritesView.swift in Sources */,
				B4F9510C27AB5DE4000D7F5A /* HomeScreen.swift in Sources */,
				B4F9511F27ABBC92000D7F5A /* BottomTabBar.swift in Sources */,
				B4F9510E27AB5E15000D7F5A /* PreLaunch.swift in Sources */,
				B4F9510027AB5246000D7F5A /* hawkeye_craftsApp.swift in Sources */,
				B4F9510227AB52C5000D7F5A /* LoginScreen.swift in Sources */,
				B4F9511227AB5F69000D7F5A /* LottieView.swift in Sources */,
				B4F9511027AB5E41000D7F5A /* SearchView.swift in Sources */,
			);
			runOnlyForDeploymentPostprocessing = 0;
		};
		B48CA35F279BF63100D36B01 /* Sources */ = {
			isa = PBXSourcesBuildPhase;
			buildActionMask = 2147483647;
			files = (
				B48CA368279BF63100D36B01 /* hawkeye_craftsTests.swift in Sources */,
			);
			runOnlyForDeploymentPostprocessing = 0;
		};
		B48CA369279BF63100D36B01 /* Sources */ = {
			isa = PBXSourcesBuildPhase;
			buildActionMask = 2147483647;
			files = (
				B48CA374279BF63200D36B01 /* hawkeye_craftsUITestsLaunchTests.swift in Sources */,
				B48CA372279BF63200D36B01 /* hawkeye_craftsUITests.swift in Sources */,
			);
			runOnlyForDeploymentPostprocessing = 0;
		};
/* End PBXSourcesBuildPhase section */

/* Begin PBXTargetDependency section */
		B48CA365279BF63100D36B01 /* PBXTargetDependency */ = {
			isa = PBXTargetDependency;
			target = B48CA352279BF62A00D36B01 /* hawkeye-crafts */;
			targetProxy = B48CA364279BF63100D36B01 /* PBXContainerItemProxy */;
		};
		B48CA36F279BF63100D36B01 /* PBXTargetDependency */ = {
			isa = PBXTargetDependency;
			target = B48CA352279BF62A00D36B01 /* hawkeye-crafts */;
			targetProxy = B48CA36E279BF63100D36B01 /* PBXContainerItemProxy */;
		};
/* End PBXTargetDependency section */

/* Begin XCBuildConfiguration section */
		B48CA375279BF63200D36B01 /* Debug */ = {
			isa = XCBuildConfiguration;
			buildSettings = {
				ALWAYS_SEARCH_USER_PATHS = NO;
				CLANG_ANALYZER_NONNULL = YES;
				CLANG_ANALYZER_NUMBER_OBJECT_CONVERSION = YES_AGGRESSIVE;
				CLANG_CXX_LANGUAGE_STANDARD = "gnu++17";
				CLANG_CXX_LIBRARY = "libc++";
				CLANG_ENABLE_MODULES = YES;
				CLANG_ENABLE_OBJC_ARC = YES;
				CLANG_ENABLE_OBJC_WEAK = YES;
				CLANG_WARN_BLOCK_CAPTURE_AUTORELEASING = YES;
				CLANG_WARN_BOOL_CONVERSION = YES;
				CLANG_WARN_COMMA = YES;
				CLANG_WARN_CONSTANT_CONVERSION = YES;
				CLANG_WARN_DEPRECATED_OBJC_IMPLEMENTATIONS = YES;
				CLANG_WARN_DIRECT_OBJC_ISA_USAGE = YES_ERROR;
				CLANG_WARN_DOCUMENTATION_COMMENTS = YES;
				CLANG_WARN_EMPTY_BODY = YES;
				CLANG_WARN_ENUM_CONVERSION = YES;
				CLANG_WARN_INFINITE_RECURSION = YES;
				CLANG_WARN_INT_CONVERSION = YES;
				CLANG_WARN_NON_LITERAL_NULL_CONVERSION = YES;
				CLANG_WARN_OBJC_IMPLICIT_RETAIN_SELF = YES;
				CLANG_WARN_OBJC_LITERAL_CONVERSION = YES;
				CLANG_WARN_OBJC_ROOT_CLASS = YES_ERROR;
				CLANG_WARN_QUOTED_INCLUDE_IN_FRAMEWORK_HEADER = YES;
				CLANG_WARN_RANGE_LOOP_ANALYSIS = YES;
				CLANG_WARN_STRICT_PROTOTYPES = YES;
				CLANG_WARN_SUSPICIOUS_MOVE = YES;
				CLANG_WARN_UNGUARDED_AVAILABILITY = YES_AGGRESSIVE;
				CLANG_WARN_UNREACHABLE_CODE = YES;
				CLANG_WARN__DUPLICATE_METHOD_MATCH = YES;
				COPY_PHASE_STRIP = NO;
				DEBUG_INFORMATION_FORMAT = dwarf;
				ENABLE_STRICT_OBJC_MSGSEND = YES;
				ENABLE_TESTABILITY = YES;
				GCC_C_LANGUAGE_STANDARD = gnu11;
				GCC_DYNAMIC_NO_PIC = NO;
				GCC_NO_COMMON_BLOCKS = YES;
				GCC_OPTIMIZATION_LEVEL = 0;
				GCC_PREPROCESSOR_DEFINITIONS = (
					"DEBUG=1",
					"$(inherited)",
				);
				GCC_WARN_64_TO_32_BIT_CONVERSION = YES;
				GCC_WARN_ABOUT_RETURN_TYPE = YES_ERROR;
				GCC_WARN_UNDECLARED_SELECTOR = YES;
				GCC_WARN_UNINITIALIZED_AUTOS = YES_AGGRESSIVE;
				GCC_WARN_UNUSED_FUNCTION = YES;
				GCC_WARN_UNUSED_VARIABLE = YES;
				IPHONEOS_DEPLOYMENT_TARGET = 15.2;
				MTL_ENABLE_DEBUG_INFO = INCLUDE_SOURCE;
				MTL_FAST_MATH = YES;
				ONLY_ACTIVE_ARCH = YES;
				SDKROOT = iphoneos;
				SWIFT_ACTIVE_COMPILATION_CONDITIONS = DEBUG;
				SWIFT_OPTIMIZATION_LEVEL = "-Onone";
			};
			name = Debug;
		};
		B48CA376279BF63200D36B01 /* Release */ = {
			isa = XCBuildConfiguration;
			buildSettings = {
				ALWAYS_SEARCH_USER_PATHS = NO;
				CLANG_ANALYZER_NONNULL = YES;
				CLANG_ANALYZER_NUMBER_OBJECT_CONVERSION = YES_AGGRESSIVE;
				CLANG_CXX_LANGUAGE_STANDARD = "gnu++17";
				CLANG_CXX_LIBRARY = "libc++";
				CLANG_ENABLE_MODULES = YES;
				CLANG_ENABLE_OBJC_ARC = YES;
				CLANG_ENABLE_OBJC_WEAK = YES;
				CLANG_WARN_BLOCK_CAPTURE_AUTORELEASING = YES;
				CLANG_WARN_BOOL_CONVERSION = YES;
				CLANG_WARN_COMMA = YES;
				CLANG_WARN_CONSTANT_CONVERSION = YES;
				CLANG_WARN_DEPRECATED_OBJC_IMPLEMENTATIONS = YES;
				CLANG_WARN_DIRECT_OBJC_ISA_USAGE = YES_ERROR;
				CLANG_WARN_DOCUMENTATION_COMMENTS = YES;
				CLANG_WARN_EMPTY_BODY = YES;
				CLANG_WARN_ENUM_CONVERSION = YES;
				CLANG_WARN_INFINITE_RECURSION = YES;
				CLANG_WARN_INT_CONVERSION = YES;
				CLANG_WARN_NON_LITERAL_NULL_CONVERSION = YES;
				CLANG_WARN_OBJC_IMPLICIT_RETAIN_SELF = YES;
				CLANG_WARN_OBJC_LITERAL_CONVERSION = YES;
				CLANG_WARN_OBJC_ROOT_CLASS = YES_ERROR;
				CLANG_WARN_QUOTED_INCLUDE_IN_FRAMEWORK_HEADER = YES;
				CLANG_WARN_RANGE_LOOP_ANALYSIS = YES;
				CLANG_WARN_STRICT_PROTOTYPES = YES;
				CLANG_WARN_SUSPICIOUS_MOVE = YES;
				CLANG_WARN_UNGUARDED_AVAILABILITY = YES_AGGRESSIVE;
				CLANG_WARN_UNREACHABLE_CODE = YES;
				CLANG_WARN__DUPLICATE_METHOD_MATCH = YES;
				COPY_PHASE_STRIP = NO;
				DEBUG_INFORMATION_FORMAT = "dwarf-with-dsym";
				ENABLE_NS_ASSERTIONS = NO;
				ENABLE_STRICT_OBJC_MSGSEND = YES;
				GCC_C_LANGUAGE_STANDARD = gnu11;
				GCC_NO_COMMON_BLOCKS = YES;
				GCC_WARN_64_TO_32_BIT_CONVERSION = YES;
				GCC_WARN_ABOUT_RETURN_TYPE = YES_ERROR;
				GCC_WARN_UNDECLARED_SELECTOR = YES;
				GCC_WARN_UNINITIALIZED_AUTOS = YES_AGGRESSIVE;
				GCC_WARN_UNUSED_FUNCTION = YES;
				GCC_WARN_UNUSED_VARIABLE = YES;
				IPHONEOS_DEPLOYMENT_TARGET = 15.2;
				MTL_ENABLE_DEBUG_INFO = NO;
				MTL_FAST_MATH = YES;
				SDKROOT = iphoneos;
				SWIFT_COMPILATION_MODE = wholemodule;
				SWIFT_OPTIMIZATION_LEVEL = "-O";
				VALIDATE_PRODUCT = YES;
			};
			name = Release;
		};
		B48CA378279BF63200D36B01 /* Debug */ = {
			isa = XCBuildConfiguration;
			buildSettings = {
				ASSETCATALOG_COMPILER_APPICON_NAME = AppIcon;
				ASSETCATALOG_COMPILER_GLOBAL_ACCENT_COLOR_NAME = AccentColor;
				CODE_SIGN_STYLE = Automatic;
				CURRENT_PROJECT_VERSION = 1;
				DEVELOPMENT_ASSET_PATHS = "\"hawkeye-crafts/Preview Content\"";
				DEVELOPMENT_TEAM = ZJUQAVTLY7;
				ENABLE_PREVIEWS = YES;
				GENERATE_INFOPLIST_FILE = YES;
				INFOPLIST_FILE = "hawkeye-crafts/Info.plist";
				INFOPLIST_KEY_UIApplicationSceneManifest_Generation = YES;
				INFOPLIST_KEY_UIApplicationSupportsIndirectInputEvents = YES;
				INFOPLIST_KEY_UISupportedInterfaceOrientations_iPad = "UIInterfaceOrientationPortrait UIInterfaceOrientationPortraitUpsideDown UIInterfaceOrientationLandscapeLeft UIInterfaceOrientationLandscapeRight";
				INFOPLIST_KEY_UISupportedInterfaceOrientations_iPhone = "UIInterfaceOrientationPortrait UIInterfaceOrientationLandscapeLeft UIInterfaceOrientationLandscapeRight";
				LD_RUNPATH_SEARCH_PATHS = (
					"$(inherited)",
					"@executable_path/Frameworks",
				);
				MARKETING_VERSION = 1.0;
				PRODUCT_BUNDLE_IDENTIFIER = "com.sergioherrera.hawkeye-crafts";
				PRODUCT_NAME = "$(TARGET_NAME)";
				SWIFT_EMIT_LOC_STRINGS = YES;
				SWIFT_VERSION = 5.0;
				TARGETED_DEVICE_FAMILY = "1,2";
			};
			name = Debug;
		};
		B48CA379279BF63200D36B01 /* Release */ = {
			isa = XCBuildConfiguration;
			buildSettings = {
				ASSETCATALOG_COMPILER_APPICON_NAME = AppIcon;
				ASSETCATALOG_COMPILER_GLOBAL_ACCENT_COLOR_NAME = AccentColor;
				CODE_SIGN_STYLE = Automatic;
				CURRENT_PROJECT_VERSION = 1;
				DEVELOPMENT_ASSET_PATHS = "\"hawkeye-crafts/Preview Content\"";
				DEVELOPMENT_TEAM = ZJUQAVTLY7;
				ENABLE_PREVIEWS = YES;
				GENERATE_INFOPLIST_FILE = YES;
				INFOPLIST_FILE = "hawkeye-crafts/Info.plist";
				INFOPLIST_KEY_UIApplicationSceneManifest_Generation = YES;
				INFOPLIST_KEY_UIApplicationSupportsIndirectInputEvents = YES;
				INFOPLIST_KEY_UISupportedInterfaceOrientations_iPad = "UIInterfaceOrientationPortrait UIInterfaceOrientationPortraitUpsideDown UIInterfaceOrientationLandscapeLeft UIInterfaceOrientationLandscapeRight";
				INFOPLIST_KEY_UISupportedInterfaceOrientations_iPhone = "UIInterfaceOrientationPortrait UIInterfaceOrientationLandscapeLeft UIInterfaceOrientationLandscapeRight";
				LD_RUNPATH_SEARCH_PATHS = (
					"$(inherited)",
					"@executable_path/Frameworks",
				);
				MARKETING_VERSION = 1.0;
				PRODUCT_BUNDLE_IDENTIFIER = "com.sergioherrera.hawkeye-crafts";
				PRODUCT_NAME = "$(TARGET_NAME)";
				SWIFT_EMIT_LOC_STRINGS = YES;
				SWIFT_VERSION = 5.0;
				TARGETED_DEVICE_FAMILY = "1,2";
			};
			name = Release;
		};
		B48CA37B279BF63200D36B01 /* Debug */ = {
			isa = XCBuildConfiguration;
			buildSettings = {
				ALWAYS_EMBED_SWIFT_STANDARD_LIBRARIES = YES;
				BUNDLE_LOADER = "$(TEST_HOST)";
				CODE_SIGN_STYLE = Automatic;
				CURRENT_PROJECT_VERSION = 1;
				DEVELOPMENT_TEAM = ZJUQAVTLY7;
				GENERATE_INFOPLIST_FILE = YES;
				IPHONEOS_DEPLOYMENT_TARGET = 15.2;
				MARKETING_VERSION = 1.0;
				PRODUCT_BUNDLE_IDENTIFIER = "com.sergioherrera.hawkeye-craftsTests";
				PRODUCT_NAME = "$(TARGET_NAME)";
				SWIFT_EMIT_LOC_STRINGS = NO;
				SWIFT_VERSION = 5.0;
				TARGETED_DEVICE_FAMILY = "1,2";
				TEST_HOST = "$(BUILT_PRODUCTS_DIR)/hawkeye-crafts.app/hawkeye-crafts";
			};
			name = Debug;
		};
		B48CA37C279BF63200D36B01 /* Release */ = {
			isa = XCBuildConfiguration;
			buildSettings = {
				ALWAYS_EMBED_SWIFT_STANDARD_LIBRARIES = YES;
				BUNDLE_LOADER = "$(TEST_HOST)";
				CODE_SIGN_STYLE = Automatic;
				CURRENT_PROJECT_VERSION = 1;
				DEVELOPMENT_TEAM = ZJUQAVTLY7;
				GENERATE_INFOPLIST_FILE = YES;
				IPHONEOS_DEPLOYMENT_TARGET = 15.2;
				MARKETING_VERSION = 1.0;
				PRODUCT_BUNDLE_IDENTIFIER = "com.sergioherrera.hawkeye-craftsTests";
				PRODUCT_NAME = "$(TARGET_NAME)";
				SWIFT_EMIT_LOC_STRINGS = NO;
				SWIFT_VERSION = 5.0;
				TARGETED_DEVICE_FAMILY = "1,2";
				TEST_HOST = "$(BUILT_PRODUCTS_DIR)/hawkeye-crafts.app/hawkeye-crafts";
			};
			name = Release;
		};
		B48CA37E279BF63200D36B01 /* Debug */ = {
			isa = XCBuildConfiguration;
			buildSettings = {
				ALWAYS_EMBED_SWIFT_STANDARD_LIBRARIES = YES;
				CODE_SIGN_STYLE = Automatic;
				CURRENT_PROJECT_VERSION = 1;
				DEVELOPMENT_TEAM = ZJUQAVTLY7;
				GENERATE_INFOPLIST_FILE = YES;
				MARKETING_VERSION = 1.0;
				PRODUCT_BUNDLE_IDENTIFIER = "com.sergioherrera.hawkeye-craftsUITests";
				PRODUCT_NAME = "$(TARGET_NAME)";
				SWIFT_EMIT_LOC_STRINGS = NO;
				SWIFT_VERSION = 5.0;
				TARGETED_DEVICE_FAMILY = "1,2";
				TEST_TARGET_NAME = "hawkeye-crafts";
			};
			name = Debug;
		};
		B48CA37F279BF63200D36B01 /* Release */ = {
			isa = XCBuildConfiguration;
			buildSettings = {
				ALWAYS_EMBED_SWIFT_STANDARD_LIBRARIES = YES;
				CODE_SIGN_STYLE = Automatic;
				CURRENT_PROJECT_VERSION = 1;
				DEVELOPMENT_TEAM = ZJUQAVTLY7;
				GENERATE_INFOPLIST_FILE = YES;
				MARKETING_VERSION = 1.0;
				PRODUCT_BUNDLE_IDENTIFIER = "com.sergioherrera.hawkeye-craftsUITests";
				PRODUCT_NAME = "$(TARGET_NAME)";
				SWIFT_EMIT_LOC_STRINGS = NO;
				SWIFT_VERSION = 5.0;
				TARGETED_DEVICE_FAMILY = "1,2";
				TEST_TARGET_NAME = "hawkeye-crafts";
			};
			name = Release;
		};
/* End XCBuildConfiguration section */

/* Begin XCConfigurationList section */
		B48CA34E279BF62A00D36B01 /* Build configuration list for PBXProject "hawkeye-crafts" */ = {
			isa = XCConfigurationList;
			buildConfigurations = (
				B48CA375279BF63200D36B01 /* Debug */,
				B48CA376279BF63200D36B01 /* Release */,
			);
			defaultConfigurationIsVisible = 0;
			defaultConfigurationName = Release;
		};
		B48CA377279BF63200D36B01 /* Build configuration list for PBXNativeTarget "hawkeye-crafts" */ = {
			isa = XCConfigurationList;
			buildConfigurations = (
				B48CA378279BF63200D36B01 /* Debug */,
				B48CA379279BF63200D36B01 /* Release */,
			);
			defaultConfigurationIsVisible = 0;
			defaultConfigurationName = Release;
		};
		B48CA37A279BF63200D36B01 /* Build configuration list for PBXNativeTarget "hawkeye-craftsTests" */ = {
			isa = XCConfigurationList;
			buildConfigurations = (
				B48CA37B279BF63200D36B01 /* Debug */,
				B48CA37C279BF63200D36B01 /* Release */,
			);
			defaultConfigurationIsVisible = 0;
			defaultConfigurationName = Release;
		};
		B48CA37D279BF63200D36B01 /* Build configuration list for PBXNativeTarget "hawkeye-craftsUITests" */ = {
			isa = XCConfigurationList;
			buildConfigurations = (
				B48CA37E279BF63200D36B01 /* Debug */,
				B48CA37F279BF63200D36B01 /* Release */,
			);
			defaultConfigurationIsVisible = 0;
			defaultConfigurationName = Release;
		};
/* End XCConfigurationList section */

/* Begin XCRemoteSwiftPackageReference section */
		B498F721279FCA7600803D72 /* XCRemoteSwiftPackageReference "lottie-ios" */ = {
			isa = XCRemoteSwiftPackageReference;
			repositoryURL = "https://github.com/airbnb/lottie-ios";
			requirement = {
				branch = master;
				kind = branch;
			};
		};
/* End XCRemoteSwiftPackageReference section */

/* Begin XCSwiftPackageProductDependency section */
		B498F722279FCA7600803D72 /* Lottie */ = {
			isa = XCSwiftPackageProductDependency;
			package = B498F721279FCA7600803D72 /* XCRemoteSwiftPackageReference "lottie-ios" */;
			productName = Lottie;
		};
/* End XCSwiftPackageProductDependency section */
	};
	rootObject = B48CA34B279BF62A00D36B01 /* Project object */;
}
